
Microsoft Visual Studio Solution File, Format Version 12.00
# Visual Studio Version 17
VisualStudioVersion = 17.13.35828.75 d17.13
MinimumVisualStudioVersion = 10.0.40219.1
Project("{FAE04EC0-301F-11D3-BF4B-00C04F79EFBC}") = "Witryna", "Witryna.csproj", "{0A0110EF-32BF-4D7A-86CF-56B5A92E757E}"
EndProject
Global
	GlobalSection(SolutionConfigurationPlatforms) = preSolution
		Debug|Any CPU = Debug|Any CPU
		Release|Any CPU = Release|Any CPU
	EndGlobalSection
	GlobalSection(ProjectConfigurationPlatforms) = postSolution
		{0A0110EF-32BF-4D7A-86CF-56B5A92E757E}.Debug|Any CPU.ActiveCfg = Debug|Any CPU
		{0A0110EF-32BF-4D7A-86CF-56B5A92E757E}.Debug|Any CPU.Build.0 = Debug|Any CPU
		{0A0110EF-32BF-4D7A-86CF-56B5A92E757E}.Release|Any CPU.ActiveCfg = Release|Any CPU
		{0A0110EF-32BF-4D7A-86CF-56B5A92E757E}.Release|Any CPU.Build.0 = Release|Any CPU
	EndGlobalSection
	GlobalSection(SolutionProperties) = preSolution
		HideSolutionNode = FALSE
	EndGlobalSection
	GlobalSection(ExtensibilityGlobals) = postSolution
		SolutionGuid = {F16B5293-531B-42C8-81AC-DD16C15E5F0F}
	EndGlobalSection
EndGlobal
